{
    "_meta": {
        "hash": {
            "sha256": "a9ba3ad02f2cdb903b75e323693cce8635a13e99106c03e659b17495ba6546ef"
        },
        "pipfile-spec": 6,
        "requires": {
            "python_version": "3.8"
        },
        "sources": [
            {
                "name": "pypi",
                "url": "https://pypi.org/simple",
                "verify_ssl": true
            }
        ]
    },
    "default": {
        "aiosqlite": {
            "hashes": [
                "sha256:1df802815bb1e08a26c06d5ea9df589bcb8eec56e5f3378103b0f9b223c6703c",
                "sha256:2e915463164efa65b60fd1901aceca829b6090082f03082618afca6fb9c8fdf7"
            ],
            "markers": "python_version >= '3.6'",
            "version": "==0.16.1"
        },
        "asyncpg": {
            "hashes": [
                "sha256:062e4ff80e68fe56066c44a8c51989a98785904bf86f49058a242a5887be6ce3",
                "sha256:0f4604a88386d68c46bf7b50c201a9718515b0d2df6d5e9ce024d78ed0f7189c",
                "sha256:1bbe5e829de506c743cbd5240b3722e487c53669a5f1e159abcc3b92a64a985e",
                "sha256:1d3efdec14f3fbcc665b77619f8b420564f98b89632a21694be2101dafa6bcf2",
                "sha256:1f514b13bc54bde65db6cd1d0832ae27f21093e3cb66f741e078fab77768971c",
                "sha256:2cb730241dfe650b9626eae00490cca4cfeb00871ed8b8f389f3a4507b328683",
                "sha256:2e3875c82ae609b21e562e6befdc35e52c4290e49d03e7529275d59a0595ca97",
                "sha256:348ad471d9bdd77f0609a00c860142f47c81c9123f4064d13d65c8569415d802",
                "sha256:3af9a8511569983481b5cf94db17b7cbecd06b5398aac9c82e4acb69bb1f4090",
                "sha256:82e23ba5b37c0c7ee96f290a95cbf9815b2d29b302e8b9c4af1de9b7759fd27b",
                "sha256:b37efafbbec505287bd1499a88f4b59ff2b470709a1d8f7e4db198d3e2c5a2c4",
                "sha256:ccd75cfb4710c7e8debc19516e2e1d4c9863cce3f7a45a3822980d04b16f4fdd",
                "sha256:d1cb6e5b58a4e017335f2a1886e153a32bd213ffa9f7129ee5aced2a7210fa3c",
                "sha256:e7a67fb0244e4a5b3baaa40092d0efd642da032b5e891d75947dab993b47d925",
                "sha256:f1df7cfd12ef484210717e7827cc2d4d550b16a1b4dd4566c93914c7a2259352"
            ],
            "index": "pypi",
            "version": "==0.22.0"
        },
        "bcrypt": {
            "hashes": [
                "sha256:5b93c1726e50a93a033c36e5ca7fdcd29a5c7395af50a6892f5d9e7c6cfbfb29",
                "sha256:63d4e3ff96188e5898779b6057878fecf3f11cfe6ec3b313ea09955d587ec7a7",
                "sha256:81fec756feff5b6818ea7ab031205e1d323d8943d237303baca2c5f9c7846f34",
                "sha256:a67fb841b35c28a59cebed05fbd3e80eea26e6d75851f0574a9273c80f3e9b55",
                "sha256:c95d4cbebffafcdd28bd28bb4e25b31c50f6da605c81ffd9ad8a3d1b2ab7b1b6",
                "sha256:cd1ea2ff3038509ea95f687256c46b79f5fc382ad0aa3664d200047546d511d1",
                "sha256:cdcdcb3972027f83fe24a48b1e90ea4b584d35f1cc279d76de6fc4b13376239d"
            ],
            "index": "pypi",
            "version": "==3.2.0"
        },
        "cffi": {
            "hashes": [
                "sha256:005a36f41773e148deac64b08f233873a4d0c18b053d37da83f6af4d9087b813",
                "sha256:0857f0ae312d855239a55c81ef453ee8fd24136eaba8e87a2eceba644c0d4c06",
                "sha256:1071534bbbf8cbb31b498d5d9db0f274f2f7a865adca4ae429e147ba40f73dea",
                "sha256:158d0d15119b4b7ff6b926536763dc0714313aa59e320ddf787502c70c4d4bee",
                "sha256:1f436816fc868b098b0d63b8920de7d208c90a67212546d02f84fe78a9c26396",
                "sha256:2894f2df484ff56d717bead0a5c2abb6b9d2bf26d6960c4604d5c48bbc30ee73",
                "sha256:29314480e958fd8aab22e4a58b355b629c59bf5f2ac2492b61e3dc06d8c7a315",
                "sha256:34eff4b97f3d982fb93e2831e6750127d1355a923ebaeeb565407b3d2f8d41a1",
                "sha256:35f27e6eb43380fa080dccf676dece30bef72e4a67617ffda586641cd4508d49",
                "sha256:3d3dd4c9e559eb172ecf00a2a7517e97d1e96de2a5e610bd9b68cea3925b4892",
                "sha256:43e0b9d9e2c9e5d152946b9c5fe062c151614b262fda2e7b201204de0b99e482",
                "sha256:48e1c69bbacfc3d932221851b39d49e81567a4d4aac3b21258d9c24578280058",
                "sha256:51182f8927c5af975fece87b1b369f722c570fe169f9880764b1ee3bca8347b5",
                "sha256:58e3f59d583d413809d60779492342801d6e82fefb89c86a38e040c16883be53",
                "sha256:5de7970188bb46b7bf9858eb6890aad302577a5f6f75091fd7cdd3ef13ef3045",
                "sha256:65fa59693c62cf06e45ddbb822165394a288edce9e276647f0046e1ec26920f3",
                "sha256:69e395c24fc60aad6bb4fa7e583698ea6cc684648e1ffb7fe85e3c1ca131a7d5",
                "sha256:6c97d7350133666fbb5cf4abdc1178c812cb205dc6f41d174a7b0f18fb93337e",
                "sha256:6e4714cc64f474e4d6e37cfff31a814b509a35cb17de4fb1999907575684479c",
                "sha256:72d8d3ef52c208ee1c7b2e341f7d71c6fd3157138abf1a95166e6165dd5d4369",
                "sha256:8ae6299f6c68de06f136f1f9e69458eae58f1dacf10af5c17353eae03aa0d827",
                "sha256:8b198cec6c72df5289c05b05b8b0969819783f9418e0409865dac47288d2a053",
                "sha256:99cd03ae7988a93dd00bcd9d0b75e1f6c426063d6f03d2f90b89e29b25b82dfa",
                "sha256:9cf8022fb8d07a97c178b02327b284521c7708d7c71a9c9c355c178ac4bbd3d4",
                "sha256:9de2e279153a443c656f2defd67769e6d1e4163952b3c622dcea5b08a6405322",
                "sha256:9e93e79c2551ff263400e1e4be085a1210e12073a31c2011dbbda14bda0c6132",
                "sha256:9ff227395193126d82e60319a673a037d5de84633f11279e336f9c0f189ecc62",
                "sha256:a465da611f6fa124963b91bf432d960a555563efe4ed1cc403ba5077b15370aa",
                "sha256:ad17025d226ee5beec591b52800c11680fca3df50b8b29fe51d882576e039ee0",
                "sha256:afb29c1ba2e5a3736f1c301d9d0abe3ec8b86957d04ddfa9d7a6a42b9367e396",
                "sha256:b85eb46a81787c50650f2392b9b4ef23e1f126313b9e0e9013b35c15e4288e2e",
                "sha256:bb89f306e5da99f4d922728ddcd6f7fcebb3241fc40edebcb7284d7514741991",
                "sha256:cbde590d4faaa07c72bf979734738f328d239913ba3e043b1e98fe9a39f8b2b6",
                "sha256:cd2868886d547469123fadc46eac7ea5253ea7fcb139f12e1dfc2bbd406427d1",
                "sha256:d42b11d692e11b6634f7613ad8df5d6d5f8875f5d48939520d351007b3c13406",
                "sha256:f2d45f97ab6bb54753eab54fffe75aaf3de4ff2341c9daee1987ee1837636f1d",
                "sha256:fd78e5fee591709f32ef6edb9a015b4aa1a5022598e36227500c8f4e02328d9c"
            ],
            "version": "==1.14.5"
        },
        "click": {
            "hashes": [
                "sha256:d2b5255c7c6349bc1bd1e59e08cd12acbbd63ce649f2588755783aa94dfb6b1a",
                "sha256:dacca89f4bfadd5de3d7489b7c8a566eee0d3676333fbb50030263894c38c0dc"
            ],
            "markers": "python_version >= '2.7' and python_version not in '3.0, 3.1, 3.2, 3.3, 3.4'",
            "version": "==7.1.2"
        },
        "fastapi": {
            "hashes": [
                "sha256:63c4592f5ef3edf30afa9a44fa7c6b7ccb20e0d3f68cd9eba07b44d552058dcb",
                "sha256:98d8ea9591d8512fdadf255d2a8fa56515cdd8624dca4af369da73727409508e"
            ],
            "index": "pypi",
            "version": "==0.63.0"
        },
        "h11": {
            "hashes": [
                "sha256:36a3cb8c0a032f56e2da7084577878a035d3b61d104230d4bd49c0c6b555a9c6",
                "sha256:47222cb6067e4a307d535814917cd98fd0a57b6788ce715755fa2b6c28b56042"
            ],
            "markers": "python_version >= '3.6'",
            "version": "==0.12.0"
        },
        "iso8601": {
            "hashes": [
                "sha256:8aafd56fa0290496c5edbb13c311f78fa3a241f0853540da09d9363eae3ebd79",
                "sha256:e7e1122f064d626e17d47cd5106bed2c620cb38fe464999e0ddae2b6d2de6004"
            ],
            "version": "==0.1.14"
        },
        "passlib": {
            "hashes": [
                "sha256:aa6bca462b8d8bda89c70b382f0c298a20b5560af6cbfa2dce410c0a2fb669f1",
                "sha256:defd50f72b65c5402ab2c573830a6978e5f202ad0d984793c8dde2c4152ebe04"
            ],
            "index": "pypi",
            "version": "==1.7.4"
        },
        "pycparser": {
            "hashes": [
                "sha256:2d475327684562c3a96cc71adf7dc8c4f0565175cf86b6d7a404ff4c771f15f0",
                "sha256:7582ad22678f0fcd81102833f60ef8d0e57288b6b5fb00323d101be910e35705"
            ],
            "markers": "python_version >= '2.7' and python_version not in '3.0, 3.1, 3.2, 3.3'",
            "version": "==2.20"
        },
        "pydantic": {
            "hashes": [
                "sha256:0c40162796fc8d0aa744875b60e4dc36834db9f2a25dbf9ba9664b1915a23850",
                "sha256:20d42f1be7c7acc352b3d09b0cf505a9fab9deb93125061b376fbe1f06a5459f",
                "sha256:2287ebff0018eec3cc69b1d09d4b7cebf277726fa1bd96b45806283c1d808683",
                "sha256:258576f2d997ee4573469633592e8b99aa13bda182fcc28e875f866016c8e07e",
                "sha256:26cf3cb2e68ec6c0cfcb6293e69fb3450c5fd1ace87f46b64f678b0d29eac4c3",
                "sha256:2f2736d9a996b976cfdfe52455ad27462308c9d3d0ae21a2aa8b4cd1a78f47b9",
                "sha256:3114d74329873af0a0e8004627f5389f3bb27f956b965ddd3e355fe984a1789c",
                "sha256:3bbd023c981cbe26e6e21c8d2ce78485f85c2e77f7bab5ec15b7d2a1f491918f",
                "sha256:3bcb9d7e1f9849a6bdbd027aabb3a06414abd6068cb3b21c49427956cce5038a",
                "sha256:4bbc47cf7925c86a345d03b07086696ed916c7663cb76aa409edaa54546e53e2",
                "sha256:6388ef4ef1435364c8cc9a8192238aed030595e873d8462447ccef2e17387125",
                "sha256:830ef1a148012b640186bf4d9789a206c56071ff38f2460a32ae67ca21880eb8",
                "sha256:8fbb677e4e89c8ab3d450df7b1d9caed23f254072e8597c33279460eeae59b99",
                "sha256:c17a0b35c854049e67c68b48d55e026c84f35593c66d69b278b8b49e2484346f",
                "sha256:dd4888b300769ecec194ca8f2699415f5f7760365ddbe243d4fd6581485fa5f0",
                "sha256:dde4ca368e82791de97c2ec019681ffb437728090c0ff0c3852708cf923e0c7d",
                "sha256:e3f8790c47ac42549dc8b045a67b0ca371c7f66e73040d0197ce6172b385e520",
                "sha256:e8bc082afef97c5fd3903d05c6f7bb3a6af9fc18631b4cc9fedeb4720efb0c58",
                "sha256:eb8ccf12295113ce0de38f80b25f736d62f0a8d87c6b88aca645f168f9c78771",
                "sha256:fb77f7a7e111db1832ae3f8f44203691e15b1fa7e5a1cb9691d4e2659aee41c4",
                "sha256:fbfb608febde1afd4743c6822c19060a8dbdd3eb30f98e36061ba4973308059e",
                "sha256:fff29fe54ec419338c522b908154a2efabeee4f483e48990f87e189661f31ce3"
            ],
            "markers": "python_full_version >= '3.6.1'",
            "version": "==1.8.1"
        },
        "pyjwt": {
            "hashes": [
                "sha256:a5c70a06e1f33d81ef25eecd50d50bd30e34de1ca8b2b9fa3fe0daaabcf69bf7",
                "sha256:b70b15f89dc69b993d8a8d32c299032d5355c82f9b5b7e851d1a6d706dffe847"
            ],
            "index": "pypi",
            "version": "==2.0.1"
        },
        "pypika-tortoise": {
            "hashes": [
                "sha256:7176e98ff0cf7c311d4ba58f28f1755956265dee2f9781e65e1304a67a3e5aa5",
                "sha256:ec83b0b2964be01ef563f5f019b0332a18177604e841c47ad39d798798c6dfe9"
            ],
            "markers": "python_version >= '3.7' and python_version < '4.0'",
            "version": "==0.1.0"
        },
        "python-multipart": {
            "hashes": [
                "sha256:f7bb5f611fc600d15fa47b3974c8aa16e93724513b49b5f95c81e6624c83fa43"
            ],
            "index": "pypi",
            "version": "==0.0.5"
        },
        "pytz": {
            "hashes": [
                "sha256:16962c5fb8db4a8f63a26646d8886e9d769b6c511543557bc84e9569fb9a9cb4",
                "sha256:180befebb1927b16f6b57101720075a984c019ac16b1b7575673bea42c6c3da5"
            ],
            "version": "==2020.5"
        },
        "six": {
            "hashes": [
                "sha256:30639c035cdb23534cd4aa2dd52c3bf48f06e5f4a941509c8bafd8ce11080259",
                "sha256:8b74bedcbbbaca38ff6d7491d76f2b06b3592611af620f8426e82dddb04a5ced"
            ],
            "markers": "python_version >= '2.7' and python_version not in '3.0, 3.1, 3.2, 3.3'",
            "version": "==1.15.0"
        },
        "starlette": {
            "hashes": [
                "sha256:bd2ffe5e37fb75d014728511f8e68ebf2c80b0fa3d04ca1479f4dc752ae31ac9",
                "sha256:ebe8ee08d9be96a3c9f31b2cb2a24dbdf845247b745664bd8a3f9bd0c977fdbc"
            ],
            "markers": "python_version >= '3.6'",
            "version": "==0.13.6"
        },
        "tortoise-orm": {
            "hashes": [
                "sha256:39da891a61871a9e5e980007776c7d1f9b61e6b8601eb6482c90f89b30334638",
                "sha256:d59c9ba2e8f3bb165f6ba7880ae0f0127659aa143750de419850a06329ca27ff"
            ],
            "index": "pypi",
            "version": "==0.17.0"
        },
        "typing-extensions": {
            "hashes": [
                "sha256:7cb407020f00f7bfc3cb3e7881628838e69d8f3fcab2f64742a5e76b2f841918",
                "sha256:99d4073b617d30288f569d3f13d2bd7548c3a7e4c8de87db09a9d29bb3a4a60c",
                "sha256:dafc7639cde7f1b6e1acc0f457842a83e722ccca8eef5270af2d74792619a89f"
            ],
            "version": "==3.7.4.3"
        },
        "uvicorn": {
            "hashes": [
                "sha256:3292251b3c7978e8e4a7868f4baf7f7f7bb7e40c759ecc125c37e99cdea34202",
                "sha256:7587f7b08bd1efd2b9bad809a3d333e972f1d11af8a5e52a9371ee3a5de71524"
            ],
            "index": "pypi",
            "version": "==0.13.4"
        }
    },
    "develop": {
        "debugpy": {
            "hashes": [
                "sha256:05726aa5fa7a65587ca0b1d58cbbf7f7b223300f989b152bd4dccc86a16e5c29",
                "sha256:0ecff2d8bda1812434d71465189aa0fa6f2adf193955c39402aa25b510e563c0",
                "sha256:1307ce1cd8cee2e7813c97764ac209abc8244af772ae299d1b81447b6b68b40c",
                "sha256:1740eeeb81b1f5779906a54306436b64c67919d4fbc1aee7b87367fc37f476ae",
                "sha256:185ff9ebcec6d644450c6df9d72a954b58710c2e6ed02b287e8dd610bd4bc7eb",
                "sha256:1da1f58e7ccbc7d2d5628347b522529b45390c8a58ff01912ea6cd0b4fbd4465",
                "sha256:23aca5c088a8389fb4bcddd16913608ebc06ce53cc2a09fc6eeb81f2d70249b4",
                "sha256:3157a64db960dab322c4be6a44df3427ed965e4b618daba0c96cf71c13b82b61",
                "sha256:3206b0ec848768fa083081469a705bc48b6941f90035f339ec7ef53bcdeb317c",
                "sha256:38f4bd04576632f1611cf3b8263e210f73652e39f31da63281199791fd6e9e5b",
                "sha256:3d6e779841246bb3512d630df5620828ae333618e8f93d117194a87904d1d2a6",
                "sha256:43846c3c986715d006ee15c6aaeba2c1b26d83a23da5f3d541d3f8eeae882062",
                "sha256:45864a250237128cfcb9b9b69ba844ef75fe7b7964691ce1a4c6af95d950cd5f",
                "sha256:45c81245cde0f47e3d6caaf82890f861a6147d0c6a0095c3ab1c578b50cbc1a8",
                "sha256:4d3ecffc93de06b67f14a4faf23f64c93a143b403ead989608c7a3f3b12a6859",
                "sha256:53fed34ba47bd2ca9670e8942e64a000534742ee29d933eeae1563c6c126262e",
                "sha256:661d8d4b2632d952204237452d9764f20599fdd952cba49d6e985d3279453bc5",
                "sha256:69109c0e1ec2ba6f91befb958c15b5a941a420feecb9e196a15ecc12a088745a",
                "sha256:6c3592aa6441a0d4b976488d17d42a06531fe066f41e85b65a7dadc3480426bf",
                "sha256:6e9f1aeb42820ae0bad07a0392cd5fb0b1da5aa0f4ada5d7e388e157892e5638",
                "sha256:6fd6e4d5295b6ac96f32053078688c6e4d8a0ed3d53cac5e14989303100c43aa",
                "sha256:7520c4dc66e0230a7f4b5cbb336ea0abfecadaee0b7e0191803905f5bcef7c60",
                "sha256:779fa99a5c7a736b3f62db83200a325a81c1e2ae8961f5386c3318224531f474",
                "sha256:7faa306b8dc21d79b329e2c757a6276f24621cbd4b37031b4ff5428160752e74",
                "sha256:7fd7545475d74714531e36bcf77fbca6f123afa619be49c6b1543250d73de29a",
                "sha256:81d4eef9702a55af23fddf1a748a2b380ad7495a7d2a6a527dc18d23b39f089a",
                "sha256:8861d8263c62be90bed696bf7b9d70be77a235c259035f5e2bcf0df2cf23b0d3",
                "sha256:8bf3d68592afe46439c5d35f3e1312e91882642b823e777b6415b8c150141437",
                "sha256:8dca68a83946ad18d4a60907d6cbfab2fd663f0818b1a575d4f18dc616787ac4",
                "sha256:8fa35cca6d724fde4ac7ecc680c36e4b6a51b7a575e967061a55057a8d55d98f",
                "sha256:97025c5485484a5e8fd30603d16e2ebbe170e976b10f72d31b7088872328ed83",
                "sha256:996f9070fa37fff1bc70438faea3aa82ad96b4794388bcd0151d21c9839cfbeb",
                "sha256:9dbe15e36f15cbe8d8bdf488217e10c7548d0bd0e13dbfb29b90672bb3ee033a",
                "sha256:a196fc90f91f798c7b51e6acb74d01dd2ebd5b760b959058289e32b067407963",
                "sha256:ad42addff9b7f704ca4779bce5b40cf9cd9921172b60a9db10f94db28591b898",
                "sha256:b1330eee0cbef2b056e7e9967800202e06bf1f8ef21fc215695aa315e76bab27",
                "sha256:b47a88b49d297a064d01045aa2f93cee230a4cbb42e0a4da2af9452175087906",
                "sha256:b4ed4982b5d83e79f31417ab1feb5bd1bf7512cbd11ed396036197964dbcbf73",
                "sha256:b76b3c43c4e4dbdd4940ac9c3d992c1ed100f33147d8824156c7e5bd11c71094",
                "sha256:b93081a76f392a2f7363d0d0c0f3f1bf510d39745432339c165f4d5f8534e17d",
                "sha256:c298fd4354c4f194c1df85b44bfccb0683504a86f3daa396533ae9b3a2eaa8b1",
                "sha256:c388e332ce5c9592eafd925e9dec2dce889665cb45c4add15b0705053e9b3188",
                "sha256:ca9dd68bf3e52f60a628a191acb86e1b9654165a4327200b67008c3a05be6373",
                "sha256:cb6d1e65fc11f6e0bda65861a47ac49e8ad8e64bcc120f7d2f51cc8a0a36a2ba",
                "sha256:ceb76da0c3551a2373503c3714d0ec77227e91f55715ecaff9890de40dd39bf7",
                "sha256:d8e063a734a5c2dc64e44e91c7d3f7282c9aebf630e0ea25d878f986bc20b8e7",
                "sha256:dabc631c63e4359995e9823d5e0f347d0b94fc8981a98ab41e2f670d2e7a2363",
                "sha256:e42783d1731107433d421ee489aa71e76f521d1b6f25ead3d87fafdadc75d3fd",
                "sha256:e5416bfcbc4d5cbcfff619b88fd2ee8624a75376bb6f348fc6f22e3a6dcf0384",
                "sha256:e7cb1dd617dd429a0a0a2f6359bd6a5d08401715d530d318b449f6cbc78e1bdb",
                "sha256:ea36a3a71b3c7549710829bf1ef723222ebd6c9d43e7da0c30a87a8f718c7c38",
                "sha256:eadedf204ec1921ea0e457292cecf0f8bf1df61aa1329073cacb8e6ce7bd1b82",
                "sha256:fa0ad34e3a13759bb0800ca93542bcc3294e19facfb4e8fc027720f388957b75",
                "sha256:ff1a2887439ab0f2000b6a73d3fcdd8202bade433e190e5c0e8e1ad7b16969be"
            ],
            "index": "pypi",
            "version": "==1.2.1"
        }
    }
}
